
Microsoft Visual Studio Solution File, Format Version 12.00
# Visual Studio Version 16
VisualStudioVersion = 16.0.29403.142
MinimumVisualStudioVersion = 10.0.40219.1
Project("{FAE04EC0-301F-11D3-BF4B-00C04F79EFBC}") = "Matchmaker", "Matchmaker.csproj", "{18CA715B-4B6D-4821-9AC7-5C8CE23869E4}"
EndProject
Global
	GlobalSection(SolutionConfigurationPlatforms) = preSolution
		Debug|Any CPU = Debug|Any CPU
		Release|Any CPU = Release|Any CPU
	EndGlobalSection
	GlobalSection(ProjectConfigurationPlatforms) = postSolution
		{18CA715B-4B6D-4821-9AC7-5C8CE23869E4}.Debug|Any CPU.ActiveCfg = Debug|Any CPU
		{18CA715B-4B6D-4821-9AC7-5C8CE23869E4}.Debug|Any CPU.Build.0 = Debug|Any CPU
		{18CA715B-4B6D-4821-9AC7-5C8CE23869E4}.Release|Any CPU.ActiveCfg = Release|Any CPU
		{18CA715B-4B6D-4821-9AC7-5C8CE23869E4}.Release|Any CPU.Build.0 = Release|Any CPU
	EndGlobalSection
	GlobalSection(SolutionProperties) = preSolution
		HideSolutionNode = FALSE
	EndGlobalSection
	GlobalSection(ExtensibilityGlobals) = postSolution
		SolutionGuid = {379AF0FA-E9B9-4E4D-93BA-171092947E6E}
	EndGlobalSection
EndGlobal
